{
  "version": 4,
  "terraform_version": "1.16.2",
  "serial": 1,
  "lineage": "70a53033-aafe-dd9d-f603-6eea889d1430",
  "outputs": {},
  "resources": [
    {
      "mode": "managed",
      "type": "aws_vpc",
      "name": "vpc_aula",
      "provider": "provider[\"registry.terraform.io/hashicorp/aws\"]",
      "instances": [
        {
          "schema_version": 1,
          "attributes": {
            "arn": "arn:aws:ec2:us-east-1:340138450249:vpc/vpc-0b1cfe3fb99fd1fb0",
            "assign_generated_ipv6_cidr_block": false,
            "cidr_block": "10.60.0.0/16",
            "default_network_acl_id": "acl-0e114e92778c9d240",
            "default_route_table_id": "rtb-066009fc496f413ab",
            "default_security_group_id": "sg-0bbd48f70f9a39bfe",
            "dhcp_options_id": "dopt-0102dfdcb12619f7f",
            "enable_dns_hostnames": false,
            "enable_dns_support": true,
            "enable_network_address_usage_metrics": false,
            "id": "vpc-0b1cfe3fb99fd1fb0",
            "instance_tenancy": "default",
            "ipv4_ipam_pool_id": null,
            "ipv4_netmask_length": null,
            "ipv6_association_id": "",
            "ipv6_cidr_block": "",
            "ipv6_cidr_block_network_border_group": "",
            "ipv6_ipam_pool_id": "",
            "ipv6_netmask_length": 0,
            "main_route_table_id": "rtb-066009fc496f413ab",
            "owner_id": "340138450249",
            "region": "us-east-1",
            "tags": {
              "Name": "vpc-terraform"
            },
            "tags_all": {
              "Name": "vpc-terraform"
            }
          },
          "sensitive_attributes": [],
          "identity_schema_version": 0,
          "identity": {
            "account_id": "340138450249",
            "id": "vpc-0b1cfe3fb99fd1fb0",
            "region": "us-east-1"
          },
          "private": "eyJzY2hlbWFfdmVyc2lvbiI6IjEifQ=="
        }
      ]
    }
  ],
  "check_results": null
}
