{
  "version": 4,
  "terraform_version": "1.16.2",
  "serial": 2,
  "lineage": "e7fda8e5-b4a0-fc1a-d492-dec22b971ae6",
  "outputs": {
    "vpc_cidr": {
      "value": "10.30.0.0/16",
      "type": "string"
    },
    "vpc_id": {
      "value": "vpc-0be6d746005580e48",
      "type": "string"
    }
  },
  "resources": [
    {
      "mode": "managed",
      "type": "aws_vpc",
      "name": "vpc_aula",
      "provider": "provider[\"registry.terraform.io/hashicorp/aws\"]",
      "instances": [
        {
          "schema_version": 1,
          "attributes": {
            "arn": "arn:aws:ec2:us-east-1:340138450249:vpc/vpc-0be6d746005580e48",
            "assign_generated_ipv6_cidr_block": false,
            "cidr_block": "10.30.0.0/16",
            "default_network_acl_id": "acl-0c470d84f55edc091",
            "default_route_table_id": "rtb-04464df5efa4435f7",
            "default_security_group_id": "sg-0ca8066d18704a4b8",
            "dhcp_options_id": "dopt-0102dfdcb12619f7f",
            "enable_dns_hostnames": false,
            "enable_dns_support": true,
            "enable_network_address_usage_metrics": false,
            "id": "vpc-0be6d746005580e48",
            "instance_tenancy": "default",
            "ipv4_ipam_pool_id": null,
            "ipv4_netmask_length": null,
            "ipv6_association_id": "",
            "ipv6_cidr_block": "",
            "ipv6_cidr_block_network_border_group": "",
            "ipv6_ipam_pool_id": "",
            "ipv6_netmask_length": 0,
            "main_route_table_id": "rtb-04464df5efa4435f7",
            "owner_id": "340138450249",
            "region": "us-east-1",
            "tags": {
              "Name": "vpc-outputs"
            },
            "tags_all": {
              "Name": "vpc-outputs"
            }
          },
          "sensitive_attributes": [],
          "identity_schema_version": 0,
          "identity": {
            "account_id": "340138450249",
            "id": "vpc-0be6d746005580e48",
            "region": "us-east-1"
          },
          "private": "eyJzY2hlbWFfdmVyc2lvbiI6IjEifQ=="
        }
      ]
    }
  ],
  "check_results": null
}
