{
  "version": 4,
  "terraform_version": "1.16.2",
  "serial": 9,
  "lineage": "ec0fedc0-d678-7814-217c-b38631ecc193",
  "outputs": {
    "bucket_name": {
      "value": "devops-practica-0edcd77c897989e8ab60f9b90d",
      "type": "string"
    },
    "website_endpoint": {
      "value": "http://devops-practica-0edcd77c897989e8ab60f9b90d.s3-website-us-east-1.amazonaws.com",
      "type": "string"
    }
  },
  "resources": [
    {
      "mode": "managed",
      "type": "aws_s3_bucket_policy",
      "name": "website",
      "provider": "provider[\"registry.terraform.io/hashicorp/aws\"]",
      "instances": [
        {
          "schema_version": 0,
          "attributes": {
            "bucket": "devops-practica-0edcd77c897989e8ab60f9b90d",
            "id": "devops-practica-0edcd77c897989e8ab60f9b90d",
            "policy": "{\"Statement\":[{\"Action\":\"s3:GetObject\",\"Effect\":\"Allow\",\"Principal\":\"*\",\"Resource\":\"arn:aws:s3:::devops-practica-0edcd77c897989e8ab60f9b90d/*\",\"Sid\":\"PublicReadForWebsite\"}],\"Version\":\"2012-10-17\"}",
            "region": "us-east-1"
          },
          "sensitive_attributes": [],
          "identity_schema_version": 0,
          "identity": {
            "account_id": "340138450249",
            "bucket": "devops-practica-0edcd77c897989e8ab60f9b90d",
            "region": "us-east-1"
          },
          "private": "bnVsbA==",
          "dependencies": [
            "aws_s3_bucket_public_access_block.website"
          ]
        }
      ]
    },
    {
      "mode": "managed",
      "type": "aws_s3_bucket_public_access_block",
      "name": "website",
      "provider": "provider[\"registry.terraform.io/hashicorp/aws\"]",
      "instances": [
        {
          "schema_version": 0,
          "attributes": {
            "block_public_acls": false,
            "block_public_policy": false,
            "bucket": "devops-practica-0edcd77c897989e8ab60f9b90d",
            "id": "devops-practica-0edcd77c897989e8ab60f9b90d",
            "ignore_public_acls": false,
            "region": "us-east-1",
            "restrict_public_buckets": false,
            "skip_destroy": null
          },
          "sensitive_attributes": [],
          "identity_schema_version": 0,
          "identity": {
            "account_id": "340138450249",
            "bucket": "devops-practica-0edcd77c897989e8ab60f9b90d",
            "region": "us-east-1"
          },
          "private": "bnVsbA=="
        }
      ]
    },
    {
      "mode": "managed",
      "type": "aws_s3_bucket_website_configuration",
      "name": "website",
      "provider": "provider[\"registry.terraform.io/hashicorp/aws\"]",
      "instances": [
        {
          "schema_version": 0,
          "attributes": {
            "bucket": "devops-practica-0edcd77c897989e8ab60f9b90d",
            "error_document": [
              {
                "key": "index.html"
              }
            ],
            "expected_bucket_owner": "",
            "id": "devops-practica-0edcd77c897989e8ab60f9b90d",
            "index_document": [
              {
                "suffix": "index.html"
              }
            ],
            "redirect_all_requests_to": [],
            "region": "us-east-1",
            "routing_rule": [],
            "routing_rules": "",
            "website_domain": "s3-website-us-east-1.amazonaws.com",
            "website_endpoint": "devops-practica-0edcd77c897989e8ab60f9b90d.s3-website-us-east-1.amazonaws.com"
          },
          "sensitive_attributes": [],
          "identity_schema_version": 1,
          "identity": {
            "account_id": "340138450249",
            "bucket": "devops-practica-0edcd77c897989e8ab60f9b90d",
            "region": "us-east-1"
          },
          "private": "bnVsbA=="
        }
      ]
    }
  ],
  "check_results": null
}
