{
  "version": 4,
  "terraform_version": "1.16.2",
  "serial": 1,
  "lineage": "4ebe53f3-fa2a-fde4-9e9f-1783de408392",
  "outputs": {},
  "resources": [
    {
      "mode": "managed",
      "type": "aws_vpc",
      "name": "vpc_aula",
      "provider": "provider[\"registry.terraform.io/hashicorp/aws\"]",
      "instances": [
        {
          "schema_version": 1,
          "attributes": {
            "arn": "arn:aws:ec2:us-east-1:340138450249:vpc/vpc-093fe1e9d557f1b31",
            "assign_generated_ipv6_cidr_block": false,
            "cidr_block": "10.10.0.0/16",
            "default_network_acl_id": "acl-07553d99067b2474d",
            "default_route_table_id": "rtb-07146ef886a832d8f",
            "default_security_group_id": "sg-03aea8b9b3c575fe4",
            "dhcp_options_id": "dopt-0102dfdcb12619f7f",
            "enable_dns_hostnames": false,
            "enable_dns_support": true,
            "enable_network_address_usage_metrics": false,
            "id": "vpc-093fe1e9d557f1b31",
            "instance_tenancy": "default",
            "ipv4_ipam_pool_id": null,
            "ipv4_netmask_length": null,
            "ipv6_association_id": "",
            "ipv6_cidr_block": "",
            "ipv6_cidr_block_network_border_group": "",
            "ipv6_ipam_pool_id": "",
            "ipv6_netmask_length": 0,
            "main_route_table_id": "rtb-07146ef886a832d8f",
            "owner_id": "340138450249",
            "region": "us-east-1",
            "tags": {
              "Name": "terraform-vpc-aula"
            },
            "tags_all": {
              "Name": "terraform-vpc-aula"
            }
          },
          "sensitive_attributes": [],
          "identity_schema_version": 0,
          "identity": {
            "account_id": "340138450249",
            "id": "vpc-093fe1e9d557f1b31",
            "region": "us-east-1"
          },
          "private": "eyJzY2hlbWFfdmVyc2lvbiI6IjEifQ=="
        }
      ]
    }
  ],
  "check_results": null
}
