{
  "version": 4,
  "terraform_version": "1.16.2",
  "serial": 1,
  "lineage": "27327923-9b4c-5186-9c5f-431536d0b016",
  "outputs": {},
  "resources": [
    {
      "mode": "managed",
      "type": "aws_vpc",
      "name": "vpc_aula",
      "provider": "provider[\"registry.terraform.io/hashicorp/aws\"]",
      "instances": [
        {
          "schema_version": 1,
          "attributes": {
            "arn": "arn:aws:ec2:us-east-1:340138450249:vpc/vpc-0f27946108668d609",
            "assign_generated_ipv6_cidr_block": false,
            "cidr_block": "10.50.0.0/16",
            "default_network_acl_id": "acl-06c5699cddc659e21",
            "default_route_table_id": "rtb-0d5b2e355e31077dc",
            "default_security_group_id": "sg-039348db220999eff",
            "dhcp_options_id": "dopt-0102dfdcb12619f7f",
            "enable_dns_hostnames": false,
            "enable_dns_support": true,
            "enable_network_address_usage_metrics": false,
            "id": "vpc-0f27946108668d609",
            "instance_tenancy": "default",
            "ipv4_ipam_pool_id": null,
            "ipv4_netmask_length": null,
            "ipv6_association_id": "",
            "ipv6_cidr_block": "",
            "ipv6_cidr_block_network_border_group": "",
            "ipv6_ipam_pool_id": "",
            "ipv6_netmask_length": 0,
            "main_route_table_id": "rtb-0d5b2e355e31077dc",
            "owner_id": "340138450249",
            "region": "us-east-1",
            "tags": {
              "Name": "vpc-original"
            },
            "tags_all": {
              "Name": "vpc-original"
            }
          },
          "sensitive_attributes": [],
          "identity_schema_version": 0,
          "identity": {
            "account_id": "340138450249",
            "id": "vpc-0f27946108668d609",
            "region": "us-east-1"
          },
          "private": "eyJzY2hlbWFfdmVyc2lvbiI6IjEifQ=="
        }
      ]
    }
  ],
  "check_results": null
}
